{
  "nodes": {
    "home-manager": {
      "inputs": {
        "nixpkgs": [
          "nixpkgs"
        ]
      },
      "locked": {
        "lastModified": 1700553346,
        "narHash": "sha256-kW7uWsCv/lxuA824Ng6EYD9hlVYRyjuFn0xBbYltAeQ=",
        "owner": "nix-community",
        "repo": "home-manager",
        "rev": "1aabb0a31b25ad83cfaa37c3fe29053417cd9a0f",
        "type": "github"
      },
      "original": {
        "owner": "nix-community",
        "repo": "home-manager",
        "type": "github"
      }
    },
    "home-manager_2": {
      "inputs": {
        "nixpkgs": [
          "illustris",
          "nixpkgs"
        ]
      },
      "locked": {
        "lastModified": 1700261686,
        "narHash": "sha256-kplQg6hKFNuWKrOyGp9D//G/WH1nHGJ43r2m7fagTYY=",
        "owner": "nix-community",
        "repo": "home-manager",
        "rev": "ecd0a800f716b80a6eac58a7ac34d6d33e6fa5ee",
        "type": "github"
      },
      "original": {
        "owner": "nix-community",
        "repo": "home-manager",
        "type": "github"
      }
    },
    "illustris": {
      "inputs": {
        "home-manager": "home-manager_2",
        "nixpkgs": [
          "nixpkgs"
        ]
      },
      "locked": {
        "lastModified": 1700412388,
        "narHash": "sha256-EPzv5cPEbkyRZi3avHgJ6CAfQBDDheHWeDI4I2tNmr4=",
        "owner": "illustris",
        "repo": "flake",
        "rev": "c5a27eaccc7484b9c612f2a33773f97e3b89ad7e",
        "type": "github"
      },
      "original": {
        "owner": "illustris",
        "repo": "flake",
        "type": "github"
      }
    },
    "nixfs": {
      "inputs": {
        "nixpkgs": [
          "nixpkgs"
        ]
      },
      "locked": {
        "lastModified": 1687740394,
        "narHash": "sha256-ILm+ClXkBDXFHhI1IukpKFTJnTLWu8RYN7/zk+K4SjM=",
        "owner": "illustris",
        "repo": "nixfs",
        "rev": "e1ca6905321015af30591477dfcd7bc3fcb751d7",
        "type": "github"
      },
      "original": {
        "owner": "illustris",
        "repo": "nixfs",
        "type": "github"
      }
    },
    "nixpkgs": {
      "locked": {
        "lastModified": 1700390070,
        "narHash": "sha256-de9KYi8rSJpqvBfNwscWdalIJXPo8NjdIZcEJum1mH0=",
        "owner": "nixos",
        "repo": "nixpkgs",
        "rev": "e4ad989506ec7d71f7302cc3067abd82730a4beb",
        "type": "github"
      },
      "original": {
        "owner": "nixos",
        "ref": "nixos-unstable",
        "repo": "nixpkgs",
        "type": "github"
      }
    },
    "root": {
      "inputs": {
        "home-manager": "home-manager",
        "illustris": "illustris",
        "nixfs": "nixfs",
        "nixpkgs": "nixpkgs"
      }
    }
  },
  "root": "root",
  "version": 7
}
